
Microsoft Visual Studio Solution File, Format Version 12.00
# Visual Studio Version 17
VisualStudioVersion = 17.7.34031.279
MinimumVisualStudioVersion = 10.0.40219.1
Project("{888888A0-9F3D-457C-B088-3A5042F75D52}") = "COMP2001-Assignment2", "COMP2001-Assignment2.pyproj", "{4BB64D07-6B20-4396-ABF7-2A39ED1DF4F8}"
EndProject
Global
	GlobalSection(SolutionConfigurationPlatforms) = preSolution
		Debug|Any CPU = Debug|Any CPU
		Release|Any CPU = Release|Any CPU
	EndGlobalSection
	GlobalSection(ProjectConfigurationPlatforms) = postSolution
		{4BB64D07-6B20-4396-ABF7-2A39ED1DF4F8}.Debug|Any CPU.ActiveCfg = Debug|Any CPU
		{4BB64D07-6B20-4396-ABF7-2A39ED1DF4F8}.Release|Any CPU.ActiveCfg = Release|Any CPU
	EndGlobalSection
	GlobalSection(SolutionProperties) = preSolution
		HideSolutionNode = FALSE
	EndGlobalSection
	GlobalSection(ExtensibilityGlobals) = postSolution
		SolutionGuid = {CD217100-15F6-46BA-B29B-B72FD0F03747}
	EndGlobalSection
EndGlobal
